{
  "name": "locfaults",
  "version": "1.0.0",
  "lockfileVersion": 1,
  "requires": true,
  "dependencies": {
    "@types/node": {
      "version": "18.11.18",
      "resolved": "https://registry.npmjs.org/@types/node/-/node-18.11.18.tgz",
      "integrity": "sha512-DHQpWGjyQKSHj3ebjFI/wRKcqQcdR+MoFBygntYOZytCqNfkd2ZC4ARDJ2DQqhjH5p85Nnd3jhUJIXrszFX/JA==",
      "dev": true
    },
    "async-mutex": {
      "version": "0.3.2",
      "resolved": "https://registry.npmjs.org/async-mutex/-/async-mutex-0.3.2.tgz",
      "integrity": "sha512-HuTK7E7MT7jZEh1P9GtRW9+aTWiDWWi9InbZ5hjxrnRa39KS4BW04+xLBhYNS2aXhHUIKZSw3gj4Pn1pj+qGAA==",
      "requires": {
        "tslib": "^2.3.1"
      }
    },
    "logic-solver": {
      "version": "2.0.1",
      "resolved": "https://registry.npmjs.org/logic-solver/-/logic-solver-2.0.1.tgz",
      "integrity": "sha512-F1oCywXUzvAF4Z98mMyXySUCpUU3hNyc+JfYV3g2x/4BupC/xv94iPJuHh9us2XX5UrvY5lnKUXNvjcJNQBJ/g==",
      "requires": {
        "underscore": "^1.7.0"
      }
    },
    "sat-solver": {
      "version": "1.0.1",
      "resolved": "https://registry.npmjs.org/sat-solver/-/sat-solver-1.0.1.tgz",
      "integrity": "sha512-aAphwndwtskocaGRFgUNBF+A56DLuYuY5a3OgBBBSLSKz+izyDbuYdg3ycEUb3cUTQK5bxoZQmdnKbB0CD+7OQ==",
      "requires": {
        "logic-solver": "^2.0.1"
      }
    },
    "tslib": {
      "version": "2.5.0",
      "resolved": "https://registry.npmjs.org/tslib/-/tslib-2.5.0.tgz",
      "integrity": "sha512-336iVw3rtn2BUK7ORdIAHTyxHGRIHVReokCR3XjbckJMK7ms8FysBfhLR8IXnAgy7T0PTPNBWKiH514FOW/WSg=="
    },
    "typescript": {
      "version": "4.8.2",
      "resolved": "https://registry.npmjs.org/typescript/-/typescript-4.8.2.tgz",
      "integrity": "sha512-C0I1UsrrDHo2fYI5oaCGbSejwX4ch+9Y5jTQELvovfmFkK3HHSZJB8MSJcWLmCUBzQBchCrZ9rMRV6GuNrvGtw==",
      "dev": true
    },
    "underscore": {
      "version": "1.13.6",
      "resolved": "https://registry.npmjs.org/underscore/-/underscore-1.13.6.tgz",
      "integrity": "sha512-+A5Sja4HP1M08MaXya7p5LvjuM7K6q/2EaC0+iovj/wOcMsTzMvDFbasi/oSapiwOlt252IqsKqPjCl7huKS0A=="
    },
    "z3-solver": {
      "version": "4.12.1",
      "resolved": "https://registry.npmjs.org/z3-solver/-/z3-solver-4.12.1.tgz",
      "integrity": "sha512-aeC+KXMVGcFhnd3FKktybZx+zaVlAZ9D0Ew5cB9LwWp/ofOmtd/DiGywaJ3MN+ljfJRQumveA26poUsg1Hh+lA==",
      "requires": {
        "async-mutex": "^0.3.2"
      }
    }
  }
}
