{
  "name": "locfaults",
  "version": "1.0.0",
  "lockfileVersion": 1,
  "requires": true,
  "dependencies": {
    "@types/node": {
      "version": "18.11.18",
      "resolved": "https://registry.npmjs.org/@types/node/-/node-18.11.18.tgz",
      "integrity": "sha512-DHQpWGjyQKSHj3ebjFI/wRKcqQcdR+MoFBygntYOZytCqNfkd2ZC4ARDJ2DQqhjH5p85Nnd3jhUJIXrszFX/JA==",
      "dev": true
    },
    "logic-solver": {
      "version": "2.0.1",
      "resolved": "https://registry.npmjs.org/logic-solver/-/logic-solver-2.0.1.tgz",
      "integrity": "sha512-F1oCywXUzvAF4Z98mMyXySUCpUU3hNyc+JfYV3g2x/4BupC/xv94iPJuHh9us2XX5UrvY5lnKUXNvjcJNQBJ/g==",
      "requires": {
        "underscore": "^1.7.0"
      }
    },
    "sat-solver": {
      "version": "1.0.1",
      "resolved": "https://registry.npmjs.org/sat-solver/-/sat-solver-1.0.1.tgz",
      "integrity": "sha512-aAphwndwtskocaGRFgUNBF+A56DLuYuY5a3OgBBBSLSKz+izyDbuYdg3ycEUb3cUTQK5bxoZQmdnKbB0CD+7OQ==",
      "requires": {
        "logic-solver": "^2.0.1"
      }
    },
    "typescript": {
      "version": "4.8.2",
      "resolved": "https://registry.npmjs.org/typescript/-/typescript-4.8.2.tgz",
      "integrity": "sha512-C0I1UsrrDHo2fYI5oaCGbSejwX4ch+9Y5jTQELvovfmFkK3HHSZJB8MSJcWLmCUBzQBchCrZ9rMRV6GuNrvGtw==",
      "dev": true
    },
    "underscore": {
      "version": "1.13.6",
      "resolved": "https://registry.npmjs.org/underscore/-/underscore-1.13.6.tgz",
      "integrity": "sha512-+A5Sja4HP1M08MaXya7p5LvjuM7K6q/2EaC0+iovj/wOcMsTzMvDFbasi/oSapiwOlt252IqsKqPjCl7huKS0A=="
    }
  }
}
